
Microsoft Visual Studio Solution File, Format Version 12.00
# Visual Studio 15
VisualStudioVersion = 15.0.28307.1259
MinimumVisualStudioVersion = 10.0.40219.1
Project("{FAE04EC0-301F-11D3-BF4B-00C04F79EFBC}") = "Model", "Model\Model.csproj", "{2C94938E-DF08-4114-8452-08BDBCC5794E}"
EndProject
Project("{FAE04EC0-301F-11D3-BF4B-00C04F79EFBC}") = "Web", "Web\Web.csproj", "{1FB6FFE8-B0A8-4097-BE3E-4CE953F8F7C5}"
EndProject
Project("{FAE04EC0-301F-11D3-BF4B-00C04F79EFBC}") = "Test", "Test\Test.csproj", "{3259BF24-8840-4B2A-92BA-FCB0CEE7D8B2}"
EndProject
Global
	GlobalSection(SolutionConfigurationPlatforms) = preSolution
		Debug|Any CPU = Debug|Any CPU
		Release|Any CPU = Release|Any CPU
	EndGlobalSection
	GlobalSection(ProjectConfigurationPlatforms) = postSolution
		{2C94938E-DF08-4114-8452-08BDBCC5794E}.Debug|Any CPU.ActiveCfg = Debug|Any CPU
		{2C94938E-DF08-4114-8452-08BDBCC5794E}.Debug|Any CPU.Build.0 = Debug|Any CPU
		{2C94938E-DF08-4114-8452-08BDBCC5794E}.Release|Any CPU.ActiveCfg = Release|Any CPU
		{2C94938E-DF08-4114-8452-08BDBCC5794E}.Release|Any CPU.Build.0 = Release|Any CPU
		{1FB6FFE8-B0A8-4097-BE3E-4CE953F8F7C5}.Debug|Any CPU.ActiveCfg = Debug|Any CPU
		{1FB6FFE8-B0A8-4097-BE3E-4CE953F8F7C5}.Debug|Any CPU.Build.0 = Debug|Any CPU
		{1FB6FFE8-B0A8-4097-BE3E-4CE953F8F7C5}.Release|Any CPU.ActiveCfg = Release|Any CPU
		{1FB6FFE8-B0A8-4097-BE3E-4CE953F8F7C5}.Release|Any CPU.Build.0 = Release|Any CPU
		{3259BF24-8840-4B2A-92BA-FCB0CEE7D8B2}.Debug|Any CPU.ActiveCfg = Debug|Any CPU
		{3259BF24-8840-4B2A-92BA-FCB0CEE7D8B2}.Debug|Any CPU.Build.0 = Debug|Any CPU
		{3259BF24-8840-4B2A-92BA-FCB0CEE7D8B2}.Release|Any CPU.ActiveCfg = Release|Any CPU
		{3259BF24-8840-4B2A-92BA-FCB0CEE7D8B2}.Release|Any CPU.Build.0 = Release|Any CPU
	EndGlobalSection
	GlobalSection(SolutionProperties) = preSolution
		HideSolutionNode = FALSE
	EndGlobalSection
	GlobalSection(ExtensibilityGlobals) = postSolution
		EnterpriseLibraryConfigurationToolBinariesPathV6 = packages\EnterpriseLibrary.Common.6.0.1304.0\lib\NET45;packages\EnterpriseLibrary.Logging.6.0.1304.0\lib\NET45
		SolutionGuid = {D20C095B-FDA0-41A0-8575-4F328D75F24D}
	EndGlobalSection
EndGlobal
